
Microsoft Visual Studio Solution File, Format Version 11.00
# Visual Studio 2010
Project("{F14B399A-7131-4C87-9E4B-1186C45EF12D}") = "Report Project", "Report Project.rptproj", "{9FE0F473-0427-4846-ACE8-6876B11DAD58}"
EndProject
Global
	GlobalSection(SolutionConfigurationPlatforms) = preSolution
		Debug|Default = Debug|Default
		DebugLocal|Default = DebugLocal|Default
		Release|Default = Release|Default
	EndGlobalSection
	GlobalSection(ProjectConfigurationPlatforms) = postSolution
		{9FE0F473-0427-4846-ACE8-6876B11DAD58}.Debug|Default.ActiveCfg = Debug
		{9FE0F473-0427-4846-ACE8-6876B11DAD58}.Debug|Default.Build.0 = DebugLocal
		{9FE0F473-0427-4846-ACE8-6876B11DAD58}.Debug|Default.Deploy.0 = DebugLocal
		{9FE0F473-0427-4846-ACE8-6876B11DAD58}.DebugLocal|Default.ActiveCfg = DebugLocal
		{9FE0F473-0427-4846-ACE8-6876B11DAD58}.DebugLocal|Default.Build.0 = DebugLocal
		{9FE0F473-0427-4846-ACE8-6876B11DAD58}.Release|Default.ActiveCfg = Release
		{9FE0F473-0427-4846-ACE8-6876B11DAD58}.Release|Default.Build.0 = Release
		{9FE0F473-0427-4846-ACE8-6876B11DAD58}.Release|Default.Deploy.0 = Release
	EndGlobalSection
	GlobalSection(SolutionProperties) = preSolution
		HideSolutionNode = FALSE
	EndGlobalSection
EndGlobal
